
Microsoft Visual Studio Solution File, Format Version 12.00
# Visual Studio Version 16
VisualStudioVersion = 16.0.30804.86
MinimumVisualStudioVersion = 10.0.40219.1
Project("{FAE04EC0-301F-11D3-BF4B-00C04F79EFBC}") = "ContralsExamplesGrp7", "WindowsFormsApp1\ContralsExamplesGrp7.csproj", "{866DA8C0-BFA0-4133-9CA3-EA69C9F8A467}"
EndProject
Global
	GlobalSection(SolutionConfigurationPlatforms) = preSolution
		Debug|Any CPU = Debug|Any CPU
		Release|Any CPU = Release|Any CPU
	EndGlobalSection
	GlobalSection(ProjectConfigurationPlatforms) = postSolution
		{866DA8C0-BFA0-4133-9CA3-EA69C9F8A467}.Debug|Any CPU.ActiveCfg = Debug|Any CPU
		{866DA8C0-BFA0-4133-9CA3-EA69C9F8A467}.Debug|Any CPU.Build.0 = Debug|Any CPU
		{866DA8C0-BFA0-4133-9CA3-EA69C9F8A467}.Release|Any CPU.ActiveCfg = Release|Any CPU
		{866DA8C0-BFA0-4133-9CA3-EA69C9F8A467}.Release|Any CPU.Build.0 = Release|Any CPU
	EndGlobalSection
	GlobalSection(SolutionProperties) = preSolution
		HideSolutionNode = FALSE
	EndGlobalSection
	GlobalSection(ExtensibilityGlobals) = postSolution
		SolutionGuid = {BC5171C5-DEED-4E2D-8158-F018284252E0}
	EndGlobalSection
EndGlobal
